// !$*UTF8*$!
{
	archiveVersion = 1;
	classes = {
	};
	objectVersion = 56;
	objects = {

/* Begin PBXBuildFile section */
		A157CB912B20E063004D212D /* StandupsApp.swift in Sources */ = {isa = PBXBuildFile; fileRef = A157CB902B20E063004D212D /* StandupsApp.swift */; };
		A157CB932B20E063004D212D /* ContentView.swift in Sources */ = {isa = PBXBuildFile; fileRef = A157CB922B20E063004D212D /* ContentView.swift */; };
		A157CB952B20E064004D212D /* Assets.xcassets in Resources */ = {isa = PBXBuildFile; fileRef = A157CB942B20E064004D212D /* Assets.xcassets */; };
		A157CB982B20E064004D212D /* Preview Assets.xcassets in Resources */ = {isa = PBXBuildFile; fileRef = A157CB972B20E064004D212D /* Preview Assets.xcassets */; };
		A157CBA22B20E064004D212D /* StandupsTests.swift in Sources */ = {isa = PBXBuildFile; fileRef = A157CBA12B20E064004D212D /* StandupsTests.swift */; };
		A157CBAC2B20E064004D212D /* StandupsUITests.swift in Sources */ = {isa = PBXBuildFile; fileRef = A157CBAB2B20E064004D212D /* StandupsUITests.swift */; };
		A157CBAE2B20E064004D212D /* StandupsUITestsLaunchTests.swift in Sources */ = {isa = PBXBuildFile; fileRef = A157CBAD2B20E064004D212D /* StandupsUITestsLaunchTests.swift */; };
/* End PBXBuildFile section */

/* Begin PBXContainerItemProxy section */
		A157CB9E2B20E064004D212D /* PBXContainerItemProxy */ = {
			isa = PBXContainerItemProxy;
			containerPortal = A157CB852B20E063004D212D /* Project object */;
			proxyType = 1;
			remoteGlobalIDString = A157CB8C2B20E063004D212D;
			remoteInfo = Standups;
		};
		A157CBA82B20E064004D212D /* PBXContainerItemProxy */ = {
			isa = PBXContainerItemProxy;
			containerPortal = A157CB852B20E063004D212D /* Project object */;
			proxyType = 1;
			remoteGlobalIDString = A157CB8C2B20E063004D212D;
			remoteInfo = Standups;
		};
/* End PBXContainerItemProxy section */

/* Begin PBXFileReference section */
		A157CB8D2B20E063004D212D /* Standups.app */ = {isa = PBXFileReference; explicitFileType = wrapper.application; includeInIndex = 0; path = Standups.app; sourceTree = BUILT_PRODUCTS_DIR; };
		A157CB902B20E063004D212D /* StandupsApp.swift */ = {isa = PBXFileReference; lastKnownFileType = sourcecode.swift; path = StandupsApp.swift; sourceTree = "<group>"; };
		A157CB922B20E063004D212D /* ContentView.swift */ = {isa = PBXFileReference; lastKnownFileType = sourcecode.swift; path = ContentView.swift; sourceTree = "<group>"; };
		A157CB942B20E064004D212D /* Assets.xcassets */ = {isa = PBXFileReference; lastKnownFileType = folder.assetcatalog; path = Assets.xcassets; sourceTree = "<group>"; };
		A157CB972B20E064004D212D /* Preview Assets.xcassets */ = {isa = PBXFileReference; lastKnownFileType = folder.assetcatalog; path = "Preview Assets.xcassets"; sourceTree = "<group>"; };
		A157CB9D2B20E064004D212D /* StandupsTests.xctest */ = {isa = PBXFileReference; explicitFileType = wrapper.cfbundle; includeInIndex = 0; path = StandupsTests.xctest; sourceTree = BUILT_PRODUCTS_DIR; };
		A157CBA12B20E064004D212D /* StandupsTests.swift */ = {isa = PBXFileReference; lastKnownFileType = sourcecode.swift; path = StandupsTests.swift; sourceTree = "<group>"; };
		A157CBA72B20E064004D212D /* StandupsUITests.xctest */ = {isa = PBXFileReference; explicitFileType = wrapper.cfbundle; includeInIndex = 0; path = StandupsUITests.xctest; sourceTree = BUILT_PRODUCTS_DIR; };
		A157CBAB2B20E064004D212D /* StandupsUITests.swift */ = {isa = PBXFileReference; lastKnownFileType = sourcecode.swift; path = StandupsUITests.swift; sourceTree = "<group>"; };
		A157CBAD2B20E064004D212D /* StandupsUITestsLaunchTests.swift */ = {isa = PBXFileReference; lastKnownFileType = sourcecode.swift; path = StandupsUITestsLaunchTests.swift; sourceTree = "<group>"; };
/* End PBXFileReference section */

/* Begin PBXFrameworksBuildPhase section */
		A157CB8A2B20E063004D212D /* Frameworks */ = {
			isa = PBXFrameworksBuildPhase;
			buildActionMask = 2147483647;
			files = (
			);
			runOnlyForDeploymentPostprocessing = 0;
		};
		A157CB9A2B20E064004D212D /* Frameworks */ = {
			isa = PBXFrameworksBuildPhase;
			buildActionMask = 2147483647;
			files = (
			);
			runOnlyForDeploymentPostprocessing = 0;
		};
		A157CBA42B20E064004D212D /* Frameworks */ = {
			isa = PBXFrameworksBuildPhase;
			buildActionMask = 2147483647;
			files = (
			);
			runOnlyForDeploymentPostprocessing = 0;
		};
/* End PBXFrameworksBuildPhase section */

/* Begin PBXGroup section */
		A157CB842B20E063004D212D = {
			isa = PBXGroup;
			children = (
				A157CB8F2B20E063004D212D /* Standups */,
				A157CBA02B20E064004D212D /* StandupsTests */,
				A157CBAA2B20E064004D212D /* StandupsUITests */,
				A157CB8E2B20E063004D212D /* Products */,
			);
			sourceTree = "<group>";
		};
		A157CB8E2B20E063004D212D /* Products */ = {
			isa = PBXGroup;
			children = (
				A157CB8D2B20E063004D212D /* Standups.app */,
				A157CB9D2B20E064004D212D /* StandupsTests.xctest */,
				A157CBA72B20E064004D212D /* StandupsUITests.xctest */,
			);
			name = Products;
			sourceTree = "<group>";
		};
		A157CB8F2B20E063004D212D /* Standups */ = {
			isa = PBXGroup;
			children = (
				A157CB902B20E063004D212D /* StandupsApp.swift */,
				A157CB922B20E063004D212D /* ContentView.swift */,
				A157CB942B20E064004D212D /* Assets.xcassets */,
				A157CB962B20E064004D212D /* Preview Content */,
			);
			path = Standups;
			sourceTree = "<group>";
		};
		A157CB962B20E064004D212D /* Preview Content */ = {
			isa = PBXGroup;
			children = (
				A157CB972B20E064004D212D /* Preview Assets.xcassets */,
			);
			path = "Preview Content";
			sourceTree = "<group>";
		};
		A157CBA02B20E064004D212D /* StandupsTests */ = {
			isa = PBXGroup;
			children = (
				A157CBA12B20E064004D212D /* StandupsTests.swift */,
			);
			path = StandupsTests;
			sourceTree = "<group>";
		};
		A157CBAA2B20E064004D212D /* StandupsUITests */ = {
			isa = PBXGroup;
			children = (
				A157CBAB2B20E064004D212D /* StandupsUITests.swift */,
				A157CBAD2B20E064004D212D /* StandupsUITestsLaunchTests.swift */,
			);
			path = StandupsUITests;
			sourceTree = "<group>";
		};
/* End PBXGroup section */

/* Begin PBXNativeTarget section */
		A157CB8C2B20E063004D212D /* Standups */ = {
			isa = PBXNativeTarget;
			buildConfigurationList = A157CBB12B20E064004D212D /* Build configuration list for PBXNativeTarget "Standups" */;
			buildPhases = (
				A157CB892B20E063004D212D /* Sources */,
				A157CB8A2B20E063004D212D /* Frameworks */,
				A157CB8B2B20E063004D212D /* Resources */,
			);
			buildRules = (
			);
			dependencies = (
			);
			name = Standups;
			productName = Standups;
			productReference = A157CB8D2B20E063004D212D /* Standups.app */;
			productType = "com.apple.product-type.application";
		};
		A157CB9C2B20E064004D212D /* StandupsTests */ = {
			isa = PBXNativeTarget;
			buildConfigurationList = A157CBB42B20E064004D212D /* Build configuration list for PBXNativeTarget "StandupsTests" */;
			buildPhases = (
				A157CB992B20E064004D212D /* Sources */,
				A157CB9A2B20E064004D212D /* Frameworks */,
				A157CB9B2B20E064004D212D /* Resources */,
			);
			buildRules = (
			);
			dependencies = (
				A157CB9F2B20E064004D212D /* PBXTargetDependency */,
			);
			name = StandupsTests;
			productName = StandupsTests;
			productReference = A157CB9D2B20E064004D212D /* StandupsTests.xctest */;
			productType = "com.apple.product-type.bundle.unit-test";
		};
		A157CBA62B20E064004D212D /* StandupsUITests */ = {
			isa = PBXNativeTarget;
			buildConfigurationList = A157CBB72B20E064004D212D /* Build configuration list for PBXNativeTarget "StandupsUITests" */;
			buildPhases = (
				A157CBA32B20E064004D212D /* Sources */,
				A157CBA42B20E064004D212D /* Frameworks */,
				A157CBA52B20E064004D212D /* Resources */,
			);
			buildRules = (
			);
			dependencies = (
				A157CBA92B20E064004D212D /* PBXTargetDependency */,
			);
			name = StandupsUITests;
			productName = StandupsUITests;
			productReference = A157CBA72B20E064004D212D /* StandupsUITests.xctest */;
			productType = "com.apple.product-type.bundle.ui-testing";
		};
/* End PBXNativeTarget section */

/* Begin PBXProject section */
		A157CB852B20E063004D212D /* Project object */ = {
			isa = PBXProject;
			attributes = {
				BuildIndependentTargetsInParallel = 1;
				LastSwiftUpdateCheck = 1500;
				LastUpgradeCheck = 1500;
				TargetAttributes = {
					A157CB8C2B20E063004D212D = {
						CreatedOnToolsVersion = 15.0.1;
					};
					A157CB9C2B20E064004D212D = {
						CreatedOnToolsVersion = 15.0.1;
						TestTargetID = A157CB8C2B20E063004D212D;
					};
					A157CBA62B20E064004D212D = {
						CreatedOnToolsVersion = 15.0.1;
						TestTargetID = A157CB8C2B20E063004D212D;
					};
				};
			};
			buildConfigurationList = A157CB882B20E063004D212D /* Build configuration list for PBXProject "Standups" */;
			compatibilityVersion = "Xcode 14.0";
			developmentRegion = en;
			hasScannedForEncodings = 0;
			knownRegions = (
				en,
				Base,
			);
			mainGroup = A157CB842B20E063004D212D;
			productRefGroup = A157CB8E2B20E063004D212D /* Products */;
			projectDirPath = "";
			projectRoot = "";
			targets = (
				A157CB8C2B20E063004D212D /* Standups */,
				A157CB9C2B20E064004D212D /* StandupsTests */,
				A157CBA62B20E064004D212D /* StandupsUITests */,
			);
		};
/* End PBXProject section */

/* Begin PBXResourcesBuildPhase section */
		A157CB8B2B20E063004D212D /* Resources */ = {
			isa = PBXResourcesBuildPhase;
			buildActionMask = 2147483647;
			files = (
				A157CB982B20E064004D212D /* Preview Assets.xcassets in Resources */,
				A157CB952B20E064004D212D /* Assets.xcassets in Resources */,
			);
			runOnlyForDeploymentPostprocessing = 0;
		};
		A157CB9B2B20E064004D212D /* Resources */ = {
			isa = PBXResourcesBuildPhase;
			buildActionMask = 2147483647;
			files = (
			);
			runOnlyForDeploymentPostprocessing = 0;
		};
		A157CBA52B20E064004D212D /* Resources */ = {
			isa = PBXResourcesBuildPhase;
			buildActionMask = 2147483647;
			files = (
			);
			runOnlyForDeploymentPostprocessing = 0;
		};
/* End PBXResourcesBuildPhase section */

/* Begin PBXSourcesBuildPhase section */
		A157CB892B20E063004D212D /* Sources */ = {
			isa = PBXSourcesBuildPhase;
			buildActionMask = 2147483647;
			files = (
				A157CB932B20E063004D212D /* ContentView.swift in Sources */,
				A157CB912B20E063004D212D /* StandupsApp.swift in Sources */,
			);
			runOnlyForDeploymentPostprocessing = 0;
		};
		A157CB992B20E064004D212D /* Sources */ = {
			isa = PBXSourcesBuildPhase;
			buildActionMask = 2147483647;
			files = (
				A157CBA22B20E064004D212D /* StandupsTests.swift in Sources */,
			);
			runOnlyForDeploymentPostprocessing = 0;
		};
		A157CBA32B20E064004D212D /* Sources */ = {
			isa = PBXSourcesBuildPhase;
			buildActionMask = 2147483647;
			files = (
				A157CBAE2B20E064004D212D /* StandupsUITestsLaunchTests.swift in Sources */,
				A157CBAC2B20E064004D212D /* StandupsUITests.swift in Sources */,
			);
			runOnlyForDeploymentPostprocessing = 0;
		};
/* End PBXSourcesBuildPhase section */

/* Begin PBXTargetDependency section */
		A157CB9F2B20E064004D212D /* PBXTargetDependency */ = {
			isa = PBXTargetDependency;
			target = A157CB8C2B20E063004D212D /* Standups */;
			targetProxy = A157CB9E2B20E064004D212D /* PBXContainerItemProxy */;
		};
		A157CBA92B20E064004D212D /* PBXTargetDependency */ = {
			isa = PBXTargetDependency;
			target = A157CB8C2B20E063004D212D /* Standups */;
			targetProxy = A157CBA82B20E064004D212D /* PBXContainerItemProxy */;
		};
/* End PBXTargetDependency section */

/* Begin XCBuildConfiguration section */
		A157CBAF2B20E064004D212D /* Debug */ = {
			isa = XCBuildConfiguration;
			buildSettings = {
				ALWAYS_SEARCH_USER_PATHS = NO;
				ASSETCATALOG_COMPILER_GENERATE_SWIFT_ASSET_SYMBOL_EXTENSIONS = YES;
				CLANG_ANALYZER_NONNULL = YES;
				CLANG_ANALYZER_NUMBER_OBJECT_CONVERSION = YES_AGGRESSIVE;
				CLANG_CXX_LANGUAGE_STANDARD = "gnu++20";
				CLANG_ENABLE_MODULES = YES;
				CLANG_ENABLE_OBJC_ARC = YES;
				CLANG_ENABLE_OBJC_WEAK = YES;
				CLANG_WARN_BLOCK_CAPTURE_AUTORELEASING = YES;
				CLANG_WARN_BOOL_CONVERSION = YES;
				CLANG_WARN_COMMA = YES;
				CLANG_WARN_CONSTANT_CONVERSION = YES;
				CLANG_WARN_DEPRECATED_OBJC_IMPLEMENTATIONS = YES;
				CLANG_WARN_DIRECT_OBJC_ISA_USAGE = YES_ERROR;
				CLANG_WARN_DOCUMENTATION_COMMENTS = YES;
				CLANG_WARN_EMPTY_BODY = YES;
				CLANG_WARN_ENUM_CONVERSION = YES;
				CLANG_WARN_INFINITE_RECURSION = YES;
				CLANG_WARN_INT_CONVERSION = YES;
				CLANG_WARN_NON_LITERAL_NULL_CONVERSION = YES;
				CLANG_WARN_OBJC_IMPLICIT_RETAIN_SELF = YES;
				CLANG_WARN_OBJC_LITERAL_CONVERSION = YES;
				CLANG_WARN_OBJC_ROOT_CLASS = YES_ERROR;
				CLANG_WARN_QUOTED_INCLUDE_IN_FRAMEWORK_HEADER = YES;
				CLANG_WARN_RANGE_LOOP_ANALYSIS = YES;
				CLANG_WARN_STRICT_PROTOTYPES = YES;
				CLANG_WARN_SUSPICIOUS_MOVE = YES;
				CLANG_WARN_UNGUARDED_AVAILABILITY = YES_AGGRESSIVE;
				CLANG_WARN_UNREACHABLE_CODE = YES;
				CLANG_WARN__DUPLICATE_METHOD_MATCH = YES;
				COPY_PHASE_STRIP = NO;
				DEBUG_INFORMATION_FORMAT = dwarf;
				ENABLE_STRICT_OBJC_MSGSEND = YES;
				ENABLE_TESTABILITY = YES;
				ENABLE_USER_SCRIPT_SANDBOXING = YES;
				GCC_C_LANGUAGE_STANDARD = gnu17;
				GCC_DYNAMIC_NO_PIC = NO;
				GCC_NO_COMMON_BLOCKS = YES;
				GCC_OPTIMIZATION_LEVEL = 0;
				GCC_PREPROCESSOR_DEFINITIONS = (
					"DEBUG=1",
					"$(inherited)",
				);
				GCC_WARN_64_TO_32_BIT_CONVERSION = YES;
				GCC_WARN_ABOUT_RETURN_TYPE = YES_ERROR;
				GCC_WARN_UNDECLARED_SELECTOR = YES;
				GCC_WARN_UNINITIALIZED_AUTOS = YES_AGGRESSIVE;
				GCC_WARN_UNUSED_FUNCTION = YES;
				GCC_WARN_UNUSED_VARIABLE = YES;
				IPHONEOS_DEPLOYMENT_TARGET = 17.0;
				LOCALIZATION_PREFERS_STRING_CATALOGS = YES;
				MTL_ENABLE_DEBUG_INFO = INCLUDE_SOURCE;
				MTL_FAST_MATH = YES;
				ONLY_ACTIVE_ARCH = YES;
				SDKROOT = iphoneos;
				SWIFT_ACTIVE_COMPILATION_CONDITIONS = "DEBUG $(inherited)";
				SWIFT_OPTIMIZATION_LEVEL = "-Onone";
			};
			name = Debug;
		};
		A157CBB02B20E064004D212D /* Release */ = {
			isa = XCBuildConfiguration;
			buildSettings = {
				ALWAYS_SEARCH_USER_PATHS = NO;
				ASSETCATALOG_COMPILER_GENERATE_SWIFT_ASSET_SYMBOL_EXTENSIONS = YES;
				CLANG_ANALYZER_NONNULL = YES;
				CLANG_ANALYZER_NUMBER_OBJECT_CONVERSION = YES_AGGRESSIVE;
				CLANG_CXX_LANGUAGE_STANDARD = "gnu++20";
				CLANG_ENABLE_MODULES = YES;
				CLANG_ENABLE_OBJC_ARC = YES;
				CLANG_ENABLE_OBJC_WEAK = YES;
				CLANG_WARN_BLOCK_CAPTURE_AUTORELEASING = YES;
				CLANG_WARN_BOOL_CONVERSION = YES;
				CLANG_WARN_COMMA = YES;
				CLANG_WARN_CONSTANT_CONVERSION = YES;
				CLANG_WARN_DEPRECATED_OBJC_IMPLEMENTATIONS = YES;
				CLANG_WARN_DIRECT_OBJC_ISA_USAGE = YES_ERROR;
				CLANG_WARN_DOCUMENTATION_COMMENTS = YES;
				CLANG_WARN_EMPTY_BODY = YES;
				CLANG_WARN_ENUM_CONVERSION = YES;
				CLANG_WARN_INFINITE_RECURSION = YES;
				CLANG_WARN_INT_CONVERSION = YES;
				CLANG_WARN_NON_LITERAL_NULL_CONVERSION = YES;
				CLANG_WARN_OBJC_IMPLICIT_RETAIN_SELF = YES;
				CLANG_WARN_OBJC_LITERAL_CONVERSION = YES;
				CLANG_WARN_OBJC_ROOT_CLASS = YES_ERROR;
				CLANG_WARN_QUOTED_INCLUDE_IN_FRAMEWORK_HEADER = YES;
				CLANG_WARN_RANGE_LOOP_ANALYSIS = YES;
				CLANG_WARN_STRICT_PROTOTYPES = YES;
				CLANG_WARN_SUSPICIOUS_MOVE = YES;
				CLANG_WARN_UNGUARDED_AVAILABILITY = YES_AGGRESSIVE;
				CLANG_WARN_UNREACHABLE_CODE = YES;
				CLANG_WARN__DUPLICATE_METHOD_MATCH = YES;
				COPY_PHASE_STRIP = NO;
				DEBUG_INFORMATION_FORMAT = "dwarf-with-dsym";
				ENABLE_NS_ASSERTIONS = NO;
				ENABLE_STRICT_OBJC_MSGSEND = YES;
				ENABLE_USER_SCRIPT_SANDBOXING = YES;
				GCC_C_LANGUAGE_STANDARD = gnu17;
				GCC_NO_COMMON_BLOCKS = YES;
				GCC_WARN_64_TO_32_BIT_CONVERSION = YES;
				GCC_WARN_ABOUT_RETURN_TYPE = YES_ERROR;
				GCC_WARN_UNDECLARED_SELECTOR = YES;
				GCC_WARN_UNINITIALIZED_AUTOS = YES_AGGRESSIVE;
				GCC_WARN_UNUSED_FUNCTION = YES;
				GCC_WARN_UNUSED_VARIABLE = YES;
				IPHONEOS_DEPLOYMENT_TARGET = 17.0;
				LOCALIZATION_PREFERS_STRING_CATALOGS = YES;
				MTL_ENABLE_DEBUG_INFO = NO;
				MTL_FAST_MATH = YES;
				SDKROOT = iphoneos;
				SWIFT_COMPILATION_MODE = wholemodule;
				VALIDATE_PRODUCT = YES;
			};
			name = Release;
		};
		A157CBB22B20E064004D212D /* Debug */ = {
			isa = XCBuildConfiguration;
			buildSettings = {
				ASSETCATALOG_COMPILER_APPICON_NAME = AppIcon;
				ASSETCATALOG_COMPILER_GLOBAL_ACCENT_COLOR_NAME = AccentColor;
				CODE_SIGN_STYLE = Automatic;
				CURRENT_PROJECT_VERSION = 1;
				DEVELOPMENT_ASSET_PATHS = "\"Standups/Preview Content\"";
				DEVELOPMENT_TEAM = 29QRCNRYL3;
				ENABLE_PREVIEWS = YES;
				GENERATE_INFOPLIST_FILE = YES;
				INFOPLIST_KEY_UIApplicationSceneManifest_Generation = YES;
				INFOPLIST_KEY_UIApplicationSupportsIndirectInputEvents = YES;
				INFOPLIST_KEY_UILaunchScreen_Generation = YES;
				INFOPLIST_KEY_UISupportedInterfaceOrientations_iPad = "UIInterfaceOrientationPortrait UIInterfaceOrientationPortraitUpsideDown UIInterfaceOrientationLandscapeLeft UIInterfaceOrientationLandscapeRight";
				INFOPLIST_KEY_UISupportedInterfaceOrientations_iPhone = "UIInterfaceOrientationPortrait UIInterfaceOrientationLandscapeLeft UIInterfaceOrientationLandscapeRight";
				LD_RUNPATH_SEARCH_PATHS = (
					"$(inherited)",
					"@executable_path/Frameworks",
				);
				MARKETING_VERSION = 1.0;
				PRODUCT_BUNDLE_IDENTIFIER = me.RyanGallagher.Standups;
				PRODUCT_NAME = "$(TARGET_NAME)";
				SWIFT_EMIT_LOC_STRINGS = YES;
				SWIFT_VERSION = 5.0;
				TARGETED_DEVICE_FAMILY = "1,2";
			};
			name = Debug;
		};
		A157CBB32B20E064004D212D /* Release */ = {
			isa = XCBuildConfiguration;
			buildSettings = {
				ASSETCATALOG_COMPILER_APPICON_NAME = AppIcon;
				ASSETCATALOG_COMPILER_GLOBAL_ACCENT_COLOR_NAME = AccentColor;
				CODE_SIGN_STYLE = Automatic;
				CURRENT_PROJECT_VERSION = 1;
				DEVELOPMENT_ASSET_PATHS = "\"Standups/Preview Content\"";
				DEVELOPMENT_TEAM = 29QRCNRYL3;
				ENABLE_PREVIEWS = YES;
				GENERATE_INFOPLIST_FILE = YES;
				INFOPLIST_KEY_UIApplicationSceneManifest_Generation = YES;
				INFOPLIST_KEY_UIApplicationSupportsIndirectInputEvents = YES;
				INFOPLIST_KEY_UILaunchScreen_Generation = YES;
				INFOPLIST_KEY_UISupportedInterfaceOrientations_iPad = "UIInterfaceOrientationPortrait UIInterfaceOrientationPortraitUpsideDown UIInterfaceOrientationLandscapeLeft UIInterfaceOrientationLandscapeRight";
				INFOPLIST_KEY_UISupportedInterfaceOrientations_iPhone = "UIInterfaceOrientationPortrait UIInterfaceOrientationLandscapeLeft UIInterfaceOrientationLandscapeRight";
				LD_RUNPATH_SEARCH_PATHS = (
					"$(inherited)",
					"@executable_path/Frameworks",
				);
				MARKETING_VERSION = 1.0;
				PRODUCT_BUNDLE_IDENTIFIER = me.RyanGallagher.Standups;
				PRODUCT_NAME = "$(TARGET_NAME)";
				SWIFT_EMIT_LOC_STRINGS = YES;
				SWIFT_VERSION = 5.0;
				TARGETED_DEVICE_FAMILY = "1,2";
			};
			name = Release;
		};
		A157CBB52B20E064004D212D /* Debug */ = {
			isa = XCBuildConfiguration;
			buildSettings = {
				ALWAYS_EMBED_SWIFT_STANDARD_LIBRARIES = YES;
				BUNDLE_LOADER = "$(TEST_HOST)";
				CODE_SIGN_STYLE = Automatic;
				CURRENT_PROJECT_VERSION = 1;
				DEVELOPMENT_TEAM = 29QRCNRYL3;
				GENERATE_INFOPLIST_FILE = YES;
				IPHONEOS_DEPLOYMENT_TARGET = 17.0;
				MARKETING_VERSION = 1.0;
				PRODUCT_BUNDLE_IDENTIFIER = me.RyanGallagher.StandupsTests;
				PRODUCT_NAME = "$(TARGET_NAME)";
				SWIFT_EMIT_LOC_STRINGS = NO;
				SWIFT_VERSION = 5.0;
				TARGETED_DEVICE_FAMILY = "1,2";
				TEST_HOST = "$(BUILT_PRODUCTS_DIR)/Standups.app/$(BUNDLE_EXECUTABLE_FOLDER_PATH)/Standups";
			};
			name = Debug;
		};
		A157CBB62B20E064004D212D /* Release */ = {
			isa = XCBuildConfiguration;
			buildSettings = {
				ALWAYS_EMBED_SWIFT_STANDARD_LIBRARIES = YES;
				BUNDLE_LOADER = "$(TEST_HOST)";
				CODE_SIGN_STYLE = Automatic;
				CURRENT_PROJECT_VERSION = 1;
				DEVELOPMENT_TEAM = 29QRCNRYL3;
				GENERATE_INFOPLIST_FILE = YES;
				IPHONEOS_DEPLOYMENT_TARGET = 17.0;
				MARKETING_VERSION = 1.0;
				PRODUCT_BUNDLE_IDENTIFIER = me.RyanGallagher.StandupsTests;
				PRODUCT_NAME = "$(TARGET_NAME)";
				SWIFT_EMIT_LOC_STRINGS = NO;
				SWIFT_VERSION = 5.0;
				TARGETED_DEVICE_FAMILY = "1,2";
				TEST_HOST = "$(BUILT_PRODUCTS_DIR)/Standups.app/$(BUNDLE_EXECUTABLE_FOLDER_PATH)/Standups";
			};
			name = Release;
		};
		A157CBB82B20E064004D212D /* Debug */ = {
			isa = XCBuildConfiguration;
			buildSettings = {
				ALWAYS_EMBED_SWIFT_STANDARD_LIBRARIES = YES;
				CODE_SIGN_STYLE = Automatic;
				CURRENT_PROJECT_VERSION = 1;
				DEVELOPMENT_TEAM = 29QRCNRYL3;
				GENERATE_INFOPLIST_FILE = YES;
				MARKETING_VERSION = 1.0;
				PRODUCT_BUNDLE_IDENTIFIER = me.RyanGallagher.StandupsUITests;
				PRODUCT_NAME = "$(TARGET_NAME)";
				SWIFT_EMIT_LOC_STRINGS = NO;
				SWIFT_VERSION = 5.0;
				TARGETED_DEVICE_FAMILY = "1,2";
				TEST_TARGET_NAME = Standups;
			};
			name = Debug;
		};
		A157CBB92B20E064004D212D /* Release */ = {
			isa = XCBuildConfiguration;
			buildSettings = {
				ALWAYS_EMBED_SWIFT_STANDARD_LIBRARIES = YES;
				CODE_SIGN_STYLE = Automatic;
				CURRENT_PROJECT_VERSION = 1;
				DEVELOPMENT_TEAM = 29QRCNRYL3;
				GENERATE_INFOPLIST_FILE = YES;
				MARKETING_VERSION = 1.0;
				PRODUCT_BUNDLE_IDENTIFIER = me.RyanGallagher.StandupsUITests;
				PRODUCT_NAME = "$(TARGET_NAME)";
				SWIFT_EMIT_LOC_STRINGS = NO;
				SWIFT_VERSION = 5.0;
				TARGETED_DEVICE_FAMILY = "1,2";
				TEST_TARGET_NAME = Standups;
			};
			name = Release;
		};
/* End XCBuildConfiguration section */

/* Begin XCConfigurationList section */
		A157CB882B20E063004D212D /* Build configuration list for PBXProject "Standups" */ = {
			isa = XCConfigurationList;
			buildConfigurations = (
				A157CBAF2B20E064004D212D /* Debug */,
				A157CBB02B20E064004D212D /* Release */,
			);
			defaultConfigurationIsVisible = 0;
			defaultConfigurationName = Release;
		};
		A157CBB12B20E064004D212D /* Build configuration list for PBXNativeTarget "Standups" */ = {
			isa = XCConfigurationList;
			buildConfigurations = (
				A157CBB22B20E064004D212D /* Debug */,
				A157CBB32B20E064004D212D /* Release */,
			);
			defaultConfigurationIsVisible = 0;
			defaultConfigurationName = Release;
		};
		A157CBB42B20E064004D212D /* Build configuration list for PBXNativeTarget "StandupsTests" */ = {
			isa = XCConfigurationList;
			buildConfigurations = (
				A157CBB52B20E064004D212D /* Debug */,
				A157CBB62B20E064004D212D /* Release */,
			);
			defaultConfigurationIsVisible = 0;
			defaultConfigurationName = Release;
		};
		A157CBB72B20E064004D212D /* Build configuration list for PBXNativeTarget "StandupsUITests" */ = {
			isa = XCConfigurationList;
			buildConfigurations = (
				A157CBB82B20E064004D212D /* Debug */,
				A157CBB92B20E064004D212D /* Release */,
			);
			defaultConfigurationIsVisible = 0;
			defaultConfigurationName = Release;
		};
/* End XCConfigurationList section */
	};
	rootObject = A157CB852B20E063004D212D /* Project object */;
}
